Microsoft Visual Studio Solution File, Format Version 12.00
# Visual Studio Version 17
VisualStudioVersion = 17.5.2.0
MinimumVisualStudioVersion = 10.0.40219.1
Project("{FAE04EC0-301F-11D3-BF4B-00C04F79EFBC}") = "AddoSamples", "AddoSamples.csproj", "{78803475-8419-8C7E-0E54-B16FBAE3642D}"
EndProject
Global
	GlobalSection(SolutionConfigurationPlatforms) = preSolution
		Debug|Any CPU = Debug|Any CPU
		Release|Any CPU = Release|Any CPU
	EndGlobalSection
	GlobalSection(ProjectConfigurationPlatforms) = postSolution
		{78803475-8419-8C7E-0E54-B16FBAE3642D}.Debug|Any CPU.ActiveCfg = Debug|Any CPU
		{78803475-8419-8C7E-0E54-B16FBAE3642D}.Debug|Any CPU.Build.0 = Debug|Any CPU
		{78803475-8419-8C7E-0E54-B16FBAE3642D}.Release|Any CPU.ActiveCfg = Release|Any CPU
		{78803475-8419-8C7E-0E54-B16FBAE3642D}.Release|Any CPU.Build.0 = Release|Any CPU
	EndGlobalSection
	GlobalSection(SolutionProperties) = preSolution
		HideSolutionNode = FALSE
	EndGlobalSection
	GlobalSection(ExtensibilityGlobals) = postSolution
		SolutionGuid = {95C9F380-FD00-49FB-B04A-BAD5EB22D2DB}
	EndGlobalSection
EndGlobal
